
Microsoft Visual Studio Solution File, Format Version 12.00
# Visual Studio Version 17
VisualStudioVersion = 17.13.35818.85 d17.13
MinimumVisualStudioVersion = 10.0.40219.1
Project("{FAE04EC0-301F-11D3-BF4B-00C04F79EFBC}") = "SwagLabsAutomation", "SwagLabsAutomation\SwagLabsAutomation.csproj", "{D98DAFED-5D37-4D4C-BDA0-A9507B9ED4F3}"
EndProject
Global
	GlobalSection(SolutionConfigurationPlatforms) = preSolution
		Debug|Any CPU = Debug|Any CPU
		Release|Any CPU = Release|Any CPU
	EndGlobalSection
	GlobalSection(ProjectConfigurationPlatforms) = postSolution
		{D98DAFED-5D37-4D4C-BDA0-A9507B9ED4F3}.Debug|Any CPU.ActiveCfg = Debug|Any CPU
		{D98DAFED-5D37-4D4C-BDA0-A9507B9ED4F3}.Debug|Any CPU.Build.0 = Debug|Any CPU
		{D98DAFED-5D37-4D4C-BDA0-A9507B9ED4F3}.Release|Any CPU.ActiveCfg = Release|Any CPU
		{D98DAFED-5D37-4D4C-BDA0-A9507B9ED4F3}.Release|Any CPU.Build.0 = Release|Any CPU
	EndGlobalSection
	GlobalSection(SolutionProperties) = preSolution
		HideSolutionNode = FALSE
	EndGlobalSection
	GlobalSection(ExtensibilityGlobals) = postSolution
		SolutionGuid = {7FD3ADA7-7C71-4FC7-A9C0-1EE77C24B263}
	EndGlobalSection
EndGlobal
